
Microsoft Visual Studio Solution File, Format Version 12.00
# Visual Studio Version 17
VisualStudioVersion = 17.4.33205.214
MinimumVisualStudioVersion = 10.0.40219.1
Project("{FAE04EC0-301F-11D3-BF4B-00C04F79EFBC}") = "WebApplication1", "WebApplication1\WebApplication1.csproj", "{FCF1781F-6B43-42FB-9BBE-AC67C76658A2}"
EndProject
Global
	GlobalSection(SolutionConfigurationPlatforms) = preSolution
		Debug|Any CPU = Debug|Any CPU
		Release|Any CPU = Release|Any CPU
	EndGlobalSection
	GlobalSection(ProjectConfigurationPlatforms) = postSolution
		{FCF1781F-6B43-42FB-9BBE-AC67C76658A2}.Debug|Any CPU.ActiveCfg = Debug|Any CPU
		{FCF1781F-6B43-42FB-9BBE-AC67C76658A2}.Debug|Any CPU.Build.0 = Debug|Any CPU
		{FCF1781F-6B43-42FB-9BBE-AC67C76658A2}.Release|Any CPU.ActiveCfg = Release|Any CPU
		{FCF1781F-6B43-42FB-9BBE-AC67C76658A2}.Release|Any CPU.Build.0 = Release|Any CPU
	EndGlobalSection
	GlobalSection(SolutionProperties) = preSolution
		HideSolutionNode = FALSE
	EndGlobalSection
	GlobalSection(ExtensibilityGlobals) = postSolution
		SolutionGuid = {4384E537-90E2-477F-BE6E-C86B6EDE2676}
	EndGlobalSection
EndGlobal
